
Microsoft Visual Studio Solution File, Format Version 12.00
# Visual Studio 2013
VisualStudioVersion = 12.0.40629.0
MinimumVisualStudioVersion = 10.0.40219.1
Project("{FAE04EC0-301F-11D3-BF4B-00C04F79EFBC}") = "ServerlessBenchmark", "ServerlessBenchmark\ServerlessBenchmark.csproj", "{582CC16B-6C75-494B-B27F-7A769DEC0C30}"
EndProject
Project("{FAE04EC0-301F-11D3-BF4B-00C04F79EFBC}") = "MiniCommandLineHelper", "C:\Users\hawfor\Desktop\MiniCommandLineHelper\MiniCommandLineHelper.csproj", "{600BA962-07EA-46EC-B8F5-9BC5933C5533}"
EndProject
Project("{FAE04EC0-301F-11D3-BF4B-00C04F79EFBC}") = "SampleUsages", "SampleUsages\SampleUsages.csproj", "{6B65B2D7-6344-4B15-A428-483E74E9AF51}"
EndProject
Global
	GlobalSection(SolutionConfigurationPlatforms) = preSolution
		Debug|Any CPU = Debug|Any CPU
		Release|Any CPU = Release|Any CPU
	EndGlobalSection
	GlobalSection(ProjectConfigurationPlatforms) = postSolution
		{582CC16B-6C75-494B-B27F-7A769DEC0C30}.Debug|Any CPU.ActiveCfg = Debug|Any CPU
		{582CC16B-6C75-494B-B27F-7A769DEC0C30}.Debug|Any CPU.Build.0 = Debug|Any CPU
		{582CC16B-6C75-494B-B27F-7A769DEC0C30}.Release|Any CPU.ActiveCfg = Release|Any CPU
		{582CC16B-6C75-494B-B27F-7A769DEC0C30}.Release|Any CPU.Build.0 = Release|Any CPU
		{600BA962-07EA-46EC-B8F5-9BC5933C5533}.Debug|Any CPU.ActiveCfg = Debug|Any CPU
		{600BA962-07EA-46EC-B8F5-9BC5933C5533}.Debug|Any CPU.Build.0 = Debug|Any CPU
		{600BA962-07EA-46EC-B8F5-9BC5933C5533}.Release|Any CPU.ActiveCfg = Release|Any CPU
		{600BA962-07EA-46EC-B8F5-9BC5933C5533}.Release|Any CPU.Build.0 = Release|Any CPU
		{6B65B2D7-6344-4B15-A428-483E74E9AF51}.Debug|Any CPU.ActiveCfg = Debug|Any CPU
		{6B65B2D7-6344-4B15-A428-483E74E9AF51}.Debug|Any CPU.Build.0 = Debug|Any CPU
		{6B65B2D7-6344-4B15-A428-483E74E9AF51}.Release|Any CPU.ActiveCfg = Release|Any CPU
		{6B65B2D7-6344-4B15-A428-483E74E9AF51}.Release|Any CPU.Build.0 = Release|Any CPU
	EndGlobalSection
	GlobalSection(SolutionProperties) = preSolution
		HideSolutionNode = FALSE
	EndGlobalSection
EndGlobal
